
Microsoft Visual Studio Solution File, Format Version 12.00
# Visual Studio 15
VisualStudioVersion = 15.0.28010.2016
MinimumVisualStudioVersion = 10.0.40219.1
Project("{FAE04EC0-301F-11D3-BF4B-00C04F79EFBC}") = "CiiMac", "CiiMac\CiiMac.csproj", "{946DFAFA-42AD-4DF6-9797-777F3C0C0AEA}"
EndProject
Project("{FAE04EC0-301F-11D3-BF4B-00C04F79EFBC}") = "CiiMac.Tests", "CiiMac.Tests\CiiMac.Tests.csproj", "{08AD584F-1AF2-4F41-9524-E7BDFCC0AA88}"
EndProject
Global
	GlobalSection(SolutionConfigurationPlatforms) = preSolution
		Debug|Any CPU = Debug|Any CPU
		Release|Any CPU = Release|Any CPU
	EndGlobalSection
	GlobalSection(ProjectConfigurationPlatforms) = postSolution
		{946DFAFA-42AD-4DF6-9797-777F3C0C0AEA}.Debug|Any CPU.ActiveCfg = Debug|Any CPU
		{946DFAFA-42AD-4DF6-9797-777F3C0C0AEA}.Debug|Any CPU.Build.0 = Debug|Any CPU
		{946DFAFA-42AD-4DF6-9797-777F3C0C0AEA}.Release|Any CPU.ActiveCfg = Release|Any CPU
		{946DFAFA-42AD-4DF6-9797-777F3C0C0AEA}.Release|Any CPU.Build.0 = Release|Any CPU
		{08AD584F-1AF2-4F41-9524-E7BDFCC0AA88}.Debug|Any CPU.ActiveCfg = Debug|Any CPU
		{08AD584F-1AF2-4F41-9524-E7BDFCC0AA88}.Debug|Any CPU.Build.0 = Debug|Any CPU
		{08AD584F-1AF2-4F41-9524-E7BDFCC0AA88}.Release|Any CPU.ActiveCfg = Release|Any CPU
		{08AD584F-1AF2-4F41-9524-E7BDFCC0AA88}.Release|Any CPU.Build.0 = Release|Any CPU
	EndGlobalSection
	GlobalSection(SolutionProperties) = preSolution
		HideSolutionNode = FALSE
	EndGlobalSection
	GlobalSection(ExtensibilityGlobals) = postSolution
		SolutionGuid = {C6988C09-B65C-472D-A6D1-5EE95224C3CB}
	EndGlobalSection
EndGlobal
